
Microsoft Visual Studio Solution File, Format Version 12.00
# Visual Studio Version 17
VisualStudioVersion = 17.14.36119.2
MinimumVisualStudioVersion = 10.0.40219.1
Project("{FAE04EC0-301F-11D3-BF4B-00C04F79EFBC}") = "Aspnet Core Identity", "Aspnet Core Identity\Aspnet Core Identity.csproj", "{6E5E054A-9597-4A2E-B5F9-F7A238661AC3}"
EndProject
Global
	GlobalSection(SolutionConfigurationPlatforms) = preSolution
		Debug|Any CPU = Debug|Any CPU
		Release|Any CPU = Release|Any CPU
	EndGlobalSection
	GlobalSection(ProjectConfigurationPlatforms) = postSolution
		{6E5E054A-9597-4A2E-B5F9-F7A238661AC3}.Debug|Any CPU.ActiveCfg = Debug|Any CPU
		{6E5E054A-9597-4A2E-B5F9-F7A238661AC3}.Debug|Any CPU.Build.0 = Debug|Any CPU
		{6E5E054A-9597-4A2E-B5F9-F7A238661AC3}.Release|Any CPU.ActiveCfg = Release|Any CPU
		{6E5E054A-9597-4A2E-B5F9-F7A238661AC3}.Release|Any CPU.Build.0 = Release|Any CPU
	EndGlobalSection
	GlobalSection(SolutionProperties) = preSolution
		HideSolutionNode = FALSE
	EndGlobalSection
	GlobalSection(ExtensibilityGlobals) = postSolution
		SolutionGuid = {63D64243-2E06-4E2B-A5D2-D5556B6C74ED}
	EndGlobalSection
EndGlobal
